{
  "version": 4,
  "terraform_version": "1.5.7",
  "serial": 14,
  "lineage": "4d87441f-7756-3dad-5431-65a4e89cd9aa",
  "outputs": {
    "cloudfront_distribution_id": {
      "value": "E2W6EECHUV4LMM",
      "type": "string"
    },
    "cloudfront_domain_name": {
      "value": "dn5xpkcxcldp3.cloudfront.net",
      "type": "string"
    }
  },
  "resources": [
    {
      "mode": "data",
      "type": "aws_caller_identity",
      "name": "current",
      "provider": "provider[\"registry.terraform.io/hashicorp/aws\"]",
      "instances": [
        {
          "schema_version": 0,
          "attributes": {
            "account_id": "795519544722",
            "arn": "arn:aws:iam::795519544722:root",
            "id": "795519544722",
            "user_id": "795519544722"
          },
          "sensitive_attributes": []
        }
      ]
    },
    {
      "mode": "data",
      "type": "aws_s3_bucket",
      "name": "frontend",
      "provider": "provider[\"registry.terraform.io/hashicorp/aws\"]",
      "instances": [
        {
          "schema_version": 0,
          "attributes": {
            "arn": "arn:aws:s3:::kinddhelp-frontend-1755148345",
            "bucket": "kinddhelp-frontend-1755148345",
            "bucket_domain_name": "kinddhelp-frontend-1755148345.s3.amazonaws.com",
            "bucket_regional_domain_name": "kinddhelp-frontend-1755148345.s3.us-west-2.amazonaws.com",
            "hosted_zone_id": "Z3BJ6K6RIION7M",
            "id": "kinddhelp-frontend-1755148345",
            "region": "us-west-2",
            "website_domain": null,
            "website_endpoint": null
          },
          "sensitive_attributes": []
        }
      ]
    },
    {
      "mode": "managed",
      "type": "aws_acm_certificate",
      "name": "api",
      "provider": "provider[\"registry.terraform.io/hashicorp/aws\"]",
      "instances": [
        {
          "schema_version": 0,
          "attributes": {
            "arn": "arn:aws:acm:us-west-2:795519544722:certificate/77514a62-6636-4fdb-8360-863aa711859e",
            "certificate_authority_arn": "",
            "certificate_body": null,
            "certificate_chain": null,
            "domain_name": "api.kinddhelp.com",
            "domain_validation_options": [
              {
                "domain_name": "api.kinddhelp.com",
                "resource_record_name": "_ef92e9a416bbe5369c13692aa2f289ce.api.kinddhelp.com.",
                "resource_record_type": "CNAME",
                "resource_record_value": "_1a3a09817bf9b15a030c1b7a52338974.xlfgrmvvlj.acm-validations.aws."
              }
            ],
            "early_renewal_duration": "",
            "id": "arn:aws:acm:us-west-2:795519544722:certificate/77514a62-6636-4fdb-8360-863aa711859e",
            "key_algorithm": "RSA_2048",
            "not_after": "",
            "not_before": "",
            "options": [
              {
                "certificate_transparency_logging_preference": "ENABLED"
              }
            ],
            "pending_renewal": false,
            "private_key": null,
            "renewal_eligibility": "INELIGIBLE",
            "renewal_summary": [],
            "status": "PENDING_VALIDATION",
            "subject_alternative_names": [
              "api.kinddhelp.com"
            ],
            "tags": null,
            "tags_all": {},
            "type": "AMAZON_ISSUED",
            "validation_emails": [],
            "validation_method": "DNS",
            "validation_option": []
          },
          "sensitive_attributes": [],
          "private": "bnVsbA=="
        }
      ]
    },
    {
      "mode": "managed",
      "type": "aws_acm_certificate",
      "name": "frontend",
      "provider": "provider[\"registry.terraform.io/hashicorp/aws\"].use1",
      "instances": [
        {
          "schema_version": 0,
          "attributes": {
            "arn": "arn:aws:acm:us-east-1:795519544722:certificate/109bedef-16ad-4e62-b4f8-b72305ab9088",
            "certificate_authority_arn": "",
            "certificate_body": null,
            "certificate_chain": null,
            "domain_name": "kinddhelp.com",
            "domain_validation_options": [
              {
                "domain_name": "kinddhelp.com",
                "resource_record_name": "_a35b3afe88d7037785685be1755af993.kinddhelp.com.",
                "resource_record_type": "CNAME",
                "resource_record_value": "_916c7eb901658faa9320562817961a64.xlfgrmvvlj.acm-validations.aws."
              },
              {
                "domain_name": "www.kinddhelp.com",
                "resource_record_name": "_cc064105da4c45d1d8812f571aa5a6d6.www.kinddhelp.com.",
                "resource_record_type": "CNAME",
                "resource_record_value": "_51887a73ee72d847f2ffe0f3955966da.xlfgrmvvlj.acm-validations.aws."
              }
            ],
            "early_renewal_duration": "",
            "id": "arn:aws:acm:us-east-1:795519544722:certificate/109bedef-16ad-4e62-b4f8-b72305ab9088",
            "key_algorithm": "RSA_2048",
            "not_after": "",
            "not_before": "",
            "options": [
              {
                "certificate_transparency_logging_preference": "ENABLED"
              }
            ],
            "pending_renewal": false,
            "private_key": null,
            "renewal_eligibility": "INELIGIBLE",
            "renewal_summary": [],
            "status": "PENDING_VALIDATION",
            "subject_alternative_names": [
              "kinddhelp.com",
              "www.kinddhelp.com"
            ],
            "tags": null,
            "tags_all": {},
            "type": "AMAZON_ISSUED",
            "validation_emails": [],
            "validation_method": "DNS",
            "validation_option": []
          },
          "sensitive_attributes": [],
          "private": "bnVsbA=="
        }
      ]
    },
    {
      "mode": "managed",
      "type": "aws_acm_certificate_validation",
      "name": "api",
      "provider": "provider[\"registry.terraform.io/hashicorp/aws\"]",
      "instances": [
        {
          "schema_version": 0,
          "attributes": {
            "certificate_arn": "arn:aws:acm:us-west-2:795519544722:certificate/77514a62-6636-4fdb-8360-863aa711859e",
            "id": "2025-08-14 06:34:02.947 +0000 UTC",
            "timeouts": null,
            "validation_record_fqdns": [
              "_ef92e9a416bbe5369c13692aa2f289ce.api.kinddhelp.com"
            ]
          },
          "sensitive_attributes": [],
          "private": "eyJlMmJmYjczMC1lY2FhLTExZTYtOGY4OC0zNDM2M2JjN2M0YzAiOnsiY3JlYXRlIjo0NTAwMDAwMDAwMDAwfX0=",
          "dependencies": [
            "aws_acm_certificate.api",
            "aws_route53_record.api_validation"
          ]
        }
      ]
    },
    {
      "mode": "managed",
      "type": "aws_acm_certificate_validation",
      "name": "frontend",
      "provider": "provider[\"registry.terraform.io/hashicorp/aws\"].use1",
      "instances": [
        {
          "schema_version": 0,
          "attributes": {
            "certificate_arn": "arn:aws:acm:us-east-1:795519544722:certificate/109bedef-16ad-4e62-b4f8-b72305ab9088",
            "id": "2025-08-14 06:34:04.73 +0000 UTC",
            "timeouts": null,
            "validation_record_fqdns": [
              "_a35b3afe88d7037785685be1755af993.kinddhelp.com",
              "_cc064105da4c45d1d8812f571aa5a6d6.www.kinddhelp.com"
            ]
          },
          "sensitive_attributes": [],
          "private": "eyJlMmJmYjczMC1lY2FhLTExZTYtOGY4OC0zNDM2M2JjN2M0YzAiOnsiY3JlYXRlIjo0NTAwMDAwMDAwMDAwfX0=",
          "dependencies": [
            "aws_acm_certificate.frontend",
            "aws_route53_record.frontend_validation"
          ]
        }
      ]
    },
    {
      "mode": "managed",
      "type": "aws_cloudfront_distribution",
      "name": "frontend",
      "provider": "provider[\"registry.terraform.io/hashicorp/aws\"]",
      "instances": [
        {
          "schema_version": 1,
          "attributes": {
            "aliases": [
              "kinddhelp.com",
              "www.kinddhelp.com"
            ],
            "arn": "arn:aws:cloudfront::795519544722:distribution/E2W6EECHUV4LMM",
            "caller_reference": "terraform-20250814063424318800000002",
            "comment": null,
            "continuous_deployment_policy_id": "",
            "custom_error_response": [
              {
                "error_caching_min_ttl": null,
                "error_code": 403,
                "response_code": 200,
                "response_page_path": "/index.html"
              },
              {
                "error_caching_min_ttl": null,
                "error_code": 404,
                "response_code": 200,
                "response_page_path": "/index.html"
              }
            ],
            "default_cache_behavior": [
              {
                "allowed_methods": [
                  "GET",
                  "HEAD",
                  "OPTIONS"
                ],
                "cache_policy_id": "",
                "cached_methods": [
                  "GET",
                  "HEAD",
                  "OPTIONS"
                ],
                "compress": false,
                "default_ttl": 0,
                "field_level_encryption_id": "",
                "forwarded_values": [
                  {
                    "cookies": [
                      {
                        "forward": "none",
                        "whitelisted_names": []
                      }
                    ],
                    "headers": [],
                    "query_string": true,
                    "query_string_cache_keys": []
                  }
                ],
                "function_association": [],
                "grpc_config": [
                  {
                    "enabled": false
                  }
                ],
                "lambda_function_association": [],
                "max_ttl": 0,
                "min_ttl": 0,
                "origin_request_policy_id": "",
                "realtime_log_config_arn": "",
                "response_headers_policy_id": "",
                "smooth_streaming": false,
                "target_origin_id": "s3-frontend",
                "trusted_key_groups": [],
                "trusted_signers": [],
                "viewer_protocol_policy": "redirect-to-https"
              }
            ],
            "default_root_object": "index.html",
            "domain_name": "dn5xpkcxcldp3.cloudfront.net",
            "enabled": true,
            "etag": "EROC4M6H9EHJ",
            "hosted_zone_id": "Z2FDTNDATAQYW2",
            "http_version": "http2",
            "id": "E2W6EECHUV4LMM",
            "in_progress_validation_batches": 0,
            "is_ipv6_enabled": false,
            "last_modified_time": "2025-08-14 06:34:24.722 +0000 UTC",
            "logging_config": [],
            "ordered_cache_behavior": [],
            "origin": [
              {
                "connection_attempts": 3,
                "connection_timeout": 10,
                "custom_header": [],
                "custom_origin_config": [],
                "domain_name": "kinddhelp-frontend-1755148345.s3.us-west-2.amazonaws.com",
                "origin_access_control_id": "E122JT0LMLCHLI",
                "origin_id": "s3-frontend",
                "origin_path": "",
                "origin_shield": [],
                "s3_origin_config": [],
                "vpc_origin_config": []
              }
            ],
            "origin_group": [],
            "price_class": "PriceClass_All",
            "restrictions": [
              {
                "geo_restriction": [
                  {
                    "locations": [],
                    "restriction_type": "none"
                  }
                ]
              }
            ],
            "retain_on_delete": false,
            "staging": false,
            "status": "Deployed",
            "tags": null,
            "tags_all": {},
            "trusted_key_groups": [
              {
                "enabled": false,
                "items": []
              }
            ],
            "trusted_signers": [
              {
                "enabled": false,
                "items": []
              }
            ],
            "viewer_certificate": [
              {
                "acm_certificate_arn": "arn:aws:acm:us-east-1:795519544722:certificate/109bedef-16ad-4e62-b4f8-b72305ab9088",
                "cloudfront_default_certificate": false,
                "iam_certificate_id": "",
                "minimum_protocol_version": "TLSv1.2_2021",
                "ssl_support_method": "sni-only"
              }
            ],
            "wait_for_deployment": true,
            "web_acl_id": ""
          },
          "sensitive_attributes": [],
          "private": "eyJzY2hlbWFfdmVyc2lvbiI6IjEifQ==",
          "dependencies": [
            "aws_acm_certificate.frontend",
            "aws_acm_certificate_validation.frontend",
            "aws_cloudfront_origin_access_control.oac",
            "aws_route53_record.frontend_validation",
            "data.aws_s3_bucket.frontend"
          ]
        }
      ]
    },
    {
      "mode": "managed",
      "type": "aws_cloudfront_origin_access_control",
      "name": "oac",
      "provider": "provider[\"registry.terraform.io/hashicorp/aws\"]",
      "instances": [
        {
          "schema_version": 0,
          "attributes": {
            "arn": "arn:aws:cloudfront::795519544722:origin-access-control/E122JT0LMLCHLI",
            "description": "OAC for S3 frontend",
            "etag": "ETVPDKIKX0DER",
            "id": "E122JT0LMLCHLI",
            "name": "kinddhelp-oac",
            "origin_access_control_origin_type": "s3",
            "signing_behavior": "always",
            "signing_protocol": "sigv4"
          },
          "sensitive_attributes": [],
          "private": "bnVsbA=="
        }
      ]
    },
    {
      "mode": "managed",
      "type": "aws_route53_record",
      "name": "api",
      "provider": "provider[\"registry.terraform.io/hashicorp/aws\"]",
      "instances": [
        {
          "schema_version": 2,
          "attributes": {
            "alias": [],
            "allow_overwrite": null,
            "cidr_routing_policy": [],
            "failover_routing_policy": [],
            "fqdn": "api.kinddhelp.com",
            "geolocation_routing_policy": [],
            "geoproximity_routing_policy": [],
            "health_check_id": "",
            "id": "Z0467239OKDU4Z74D3ZB_api.kinddhelp.com_CNAME",
            "latency_routing_policy": [],
            "multivalue_answer_routing_policy": false,
            "name": "api.kinddhelp.com",
            "records": [
              "chla-api-env.eba-9aiqcppx.us-west-2.elasticbeanstalk.com"
            ],
            "set_identifier": "",
            "timeouts": null,
            "ttl": 300,
            "type": "CNAME",
            "weighted_routing_policy": [],
            "zone_id": "Z0467239OKDU4Z74D3ZB"
          },
          "sensitive_attributes": [],
          "private": "eyJlMmJmYjczMC1lY2FhLTExZTYtOGY4OC0zNDM2M2JjN2M0YzAiOnsiY3JlYXRlIjoxODAwMDAwMDAwMDAwLCJkZWxldGUiOjE4MDAwMDAwMDAwMDAsInVwZGF0ZSI6MTgwMDAwMDAwMDAwMH0sInNjaGVtYV92ZXJzaW9uIjoiMiJ9"
        }
      ]
    },
    {
      "mode": "managed",
      "type": "aws_route53_record",
      "name": "api_validation",
      "provider": "provider[\"registry.terraform.io/hashicorp/aws\"]",
      "instances": [
        {
          "index_key": "api.kinddhelp.com",
          "schema_version": 2,
          "attributes": {
            "alias": [],
            "allow_overwrite": null,
            "cidr_routing_policy": [],
            "failover_routing_policy": [],
            "fqdn": "_ef92e9a416bbe5369c13692aa2f289ce.api.kinddhelp.com",
            "geolocation_routing_policy": [],
            "geoproximity_routing_policy": [],
            "health_check_id": "",
            "id": "Z0467239OKDU4Z74D3ZB__ef92e9a416bbe5369c13692aa2f289ce.api.kinddhelp.com._CNAME",
            "latency_routing_policy": [],
            "multivalue_answer_routing_policy": false,
            "name": "_ef92e9a416bbe5369c13692aa2f289ce.api.kinddhelp.com",
            "records": [
              "_1a3a09817bf9b15a030c1b7a52338974.xlfgrmvvlj.acm-validations.aws."
            ],
            "set_identifier": "",
            "timeouts": null,
            "ttl": 60,
            "type": "CNAME",
            "weighted_routing_policy": [],
            "zone_id": "Z0467239OKDU4Z74D3ZB"
          },
          "sensitive_attributes": [],
          "private": "eyJlMmJmYjczMC1lY2FhLTExZTYtOGY4OC0zNDM2M2JjN2M0YzAiOnsiY3JlYXRlIjoxODAwMDAwMDAwMDAwLCJkZWxldGUiOjE4MDAwMDAwMDAwMDAsInVwZGF0ZSI6MTgwMDAwMDAwMDAwMH0sInNjaGVtYV92ZXJzaW9uIjoiMiJ9",
          "dependencies": [
            "aws_acm_certificate.api"
          ]
        }
      ]
    },
    {
      "mode": "managed",
      "type": "aws_route53_record",
      "name": "frontend_validation",
      "provider": "provider[\"registry.terraform.io/hashicorp/aws\"]",
      "instances": [
        {
          "index_key": "kinddhelp.com",
          "schema_version": 2,
          "attributes": {
            "alias": [],
            "allow_overwrite": null,
            "cidr_routing_policy": [],
            "failover_routing_policy": [],
            "fqdn": "_a35b3afe88d7037785685be1755af993.kinddhelp.com",
            "geolocation_routing_policy": [],
            "geoproximity_routing_policy": [],
            "health_check_id": "",
            "id": "Z0467239OKDU4Z74D3ZB__a35b3afe88d7037785685be1755af993.kinddhelp.com._CNAME",
            "latency_routing_policy": [],
            "multivalue_answer_routing_policy": false,
            "name": "_a35b3afe88d7037785685be1755af993.kinddhelp.com",
            "records": [
              "_916c7eb901658faa9320562817961a64.xlfgrmvvlj.acm-validations.aws."
            ],
            "set_identifier": "",
            "timeouts": null,
            "ttl": 60,
            "type": "CNAME",
            "weighted_routing_policy": [],
            "zone_id": "Z0467239OKDU4Z74D3ZB"
          },
          "sensitive_attributes": [],
          "private": "eyJlMmJmYjczMC1lY2FhLTExZTYtOGY4OC0zNDM2M2JjN2M0YzAiOnsiY3JlYXRlIjoxODAwMDAwMDAwMDAwLCJkZWxldGUiOjE4MDAwMDAwMDAwMDAsInVwZGF0ZSI6MTgwMDAwMDAwMDAwMH0sInNjaGVtYV92ZXJzaW9uIjoiMiJ9",
          "dependencies": [
            "aws_acm_certificate.frontend"
          ]
        },
        {
          "index_key": "www.kinddhelp.com",
          "schema_version": 2,
          "attributes": {
            "alias": [],
            "allow_overwrite": null,
            "cidr_routing_policy": [],
            "failover_routing_policy": [],
            "fqdn": "_cc064105da4c45d1d8812f571aa5a6d6.www.kinddhelp.com",
            "geolocation_routing_policy": [],
            "geoproximity_routing_policy": [],
            "health_check_id": "",
            "id": "Z0467239OKDU4Z74D3ZB__cc064105da4c45d1d8812f571aa5a6d6.www.kinddhelp.com._CNAME",
            "latency_routing_policy": [],
            "multivalue_answer_routing_policy": false,
            "name": "_cc064105da4c45d1d8812f571aa5a6d6.www.kinddhelp.com",
            "records": [
              "_51887a73ee72d847f2ffe0f3955966da.xlfgrmvvlj.acm-validations.aws."
            ],
            "set_identifier": "",
            "timeouts": null,
            "ttl": 60,
            "type": "CNAME",
            "weighted_routing_policy": [],
            "zone_id": "Z0467239OKDU4Z74D3ZB"
          },
          "sensitive_attributes": [],
          "private": "eyJlMmJmYjczMC1lY2FhLTExZTYtOGY4OC0zNDM2M2JjN2M0YzAiOnsiY3JlYXRlIjoxODAwMDAwMDAwMDAwLCJkZWxldGUiOjE4MDAwMDAwMDAwMDAsInVwZGF0ZSI6MTgwMDAwMDAwMDAwMH0sInNjaGVtYV92ZXJzaW9uIjoiMiJ9",
          "dependencies": [
            "aws_acm_certificate.frontend"
          ]
        }
      ]
    },
    {
      "mode": "managed",
      "type": "aws_route53_record",
      "name": "www",
      "provider": "provider[\"registry.terraform.io/hashicorp/aws\"]",
      "instances": [
        {
          "schema_version": 2,
          "attributes": {
            "alias": [
              {
                "evaluate_target_health": false,
                "name": "dn5xpkcxcldp3.cloudfront.net",
                "zone_id": "Z2FDTNDATAQYW2"
              }
            ],
            "allow_overwrite": null,
            "cidr_routing_policy": [],
            "failover_routing_policy": [],
            "fqdn": "www.kinddhelp.com",
            "geolocation_routing_policy": [],
            "geoproximity_routing_policy": [],
            "health_check_id": "",
            "id": "Z0467239OKDU4Z74D3ZB_www.kinddhelp.com_A",
            "latency_routing_policy": [],
            "multivalue_answer_routing_policy": false,
            "name": "www.kinddhelp.com",
            "records": null,
            "set_identifier": "",
            "timeouts": null,
            "ttl": 0,
            "type": "A",
            "weighted_routing_policy": [],
            "zone_id": "Z0467239OKDU4Z74D3ZB"
          },
          "sensitive_attributes": [],
          "private": "eyJlMmJmYjczMC1lY2FhLTExZTYtOGY4OC0zNDM2M2JjN2M0YzAiOnsiY3JlYXRlIjoxODAwMDAwMDAwMDAwLCJkZWxldGUiOjE4MDAwMDAwMDAwMDAsInVwZGF0ZSI6MTgwMDAwMDAwMDAwMH0sInNjaGVtYV92ZXJzaW9uIjoiMiJ9",
          "dependencies": [
            "aws_acm_certificate.frontend",
            "aws_acm_certificate_validation.frontend",
            "aws_cloudfront_distribution.frontend",
            "aws_cloudfront_origin_access_control.oac",
            "aws_route53_record.frontend_validation",
            "data.aws_s3_bucket.frontend"
          ]
        }
      ]
    },
    {
      "mode": "managed",
      "type": "aws_s3_bucket_policy",
      "name": "frontend_oac_policy",
      "provider": "provider[\"registry.terraform.io/hashicorp/aws\"]",
      "instances": [
        {
          "schema_version": 0,
          "attributes": {
            "bucket": "kinddhelp-frontend-1755148345",
            "id": "kinddhelp-frontend-1755148345",
            "policy": "{\"Statement\":[{\"Action\":[\"s3:GetObject\"],\"Condition\":{\"StringEquals\":{\"AWS:SourceArn\":\"arn:aws:cloudfront::795519544722:distribution/E2W6EECHUV4LMM\"}},\"Effect\":\"Allow\",\"Principal\":{\"Service\":\"cloudfront.amazonaws.com\"},\"Resource\":[\"arn:aws:s3:::kinddhelp-frontend-1755148345/*\"],\"Sid\":\"AllowCloudFrontOACReadOnly\"}],\"Version\":\"2012-10-17\"}"
          },
          "sensitive_attributes": [],
          "private": "bnVsbA==",
          "dependencies": [
            "aws_acm_certificate.frontend",
            "aws_acm_certificate_validation.frontend",
            "aws_cloudfront_distribution.frontend",
            "aws_cloudfront_origin_access_control.oac",
            "aws_route53_record.frontend_validation",
            "data.aws_caller_identity.current",
            "data.aws_s3_bucket.frontend"
          ]
        }
      ]
    }
  ],
  "check_results": null
}
